
Microsoft Visual Studio Solution File, Format Version 12.00
# Visual Studio Version 17
VisualStudioVersion = 17.0.31912.275
MinimumVisualStudioVersion = 10.0.40219.1
Project("{9A19103F-16F7-4668-BE54-9A1E7A4F7556}") = "ECommercePlateform", "ECommercePlateform\ECommercePlateform.csproj", "{2D41EE01-E3F7-45AB-B3D2-D1B08EC242CD}"
EndProject
Project("{9A19103F-16F7-4668-BE54-9A1E7A4F7556}") = "InClass2Identity", "..\InClass2Identity\InClass2Identity\InClass2Identity.csproj", "{375E07CA-2D02-4FFA-AA6C-996C4D89A622}"
EndProject
Project("{9A19103F-16F7-4668-BE54-9A1E7A4F7556}") = "Recipe_DavidKrushnisky", "..\Recipe_DavidKrushnisky\Recipe_DavidKrushnisky\Recipe_DavidKrushnisky.csproj", "{406BA51B-0859-4CF5-A573-E3C8E3B486F0}"
EndProject
Global
	GlobalSection(SolutionConfigurationPlatforms) = preSolution
		Debug|Any CPU = Debug|Any CPU
		Release|Any CPU = Release|Any CPU
	EndGlobalSection
	GlobalSection(ProjectConfigurationPlatforms) = postSolution
		{2D41EE01-E3F7-45AB-B3D2-D1B08EC242CD}.Debug|Any CPU.ActiveCfg = Debug|Any CPU
		{2D41EE01-E3F7-45AB-B3D2-D1B08EC242CD}.Debug|Any CPU.Build.0 = Debug|Any CPU
		{2D41EE01-E3F7-45AB-B3D2-D1B08EC242CD}.Release|Any CPU.ActiveCfg = Release|Any CPU
		{2D41EE01-E3F7-45AB-B3D2-D1B08EC242CD}.Release|Any CPU.Build.0 = Release|Any CPU
		{375E07CA-2D02-4FFA-AA6C-996C4D89A622}.Debug|Any CPU.ActiveCfg = Debug|Any CPU
		{375E07CA-2D02-4FFA-AA6C-996C4D89A622}.Debug|Any CPU.Build.0 = Debug|Any CPU
		{375E07CA-2D02-4FFA-AA6C-996C4D89A622}.Release|Any CPU.ActiveCfg = Release|Any CPU
		{375E07CA-2D02-4FFA-AA6C-996C4D89A622}.Release|Any CPU.Build.0 = Release|Any CPU
		{406BA51B-0859-4CF5-A573-E3C8E3B486F0}.Debug|Any CPU.ActiveCfg = Debug|Any CPU
		{406BA51B-0859-4CF5-A573-E3C8E3B486F0}.Debug|Any CPU.Build.0 = Debug|Any CPU
		{406BA51B-0859-4CF5-A573-E3C8E3B486F0}.Release|Any CPU.ActiveCfg = Release|Any CPU
		{406BA51B-0859-4CF5-A573-E3C8E3B486F0}.Release|Any CPU.Build.0 = Release|Any CPU
	EndGlobalSection
	GlobalSection(SolutionProperties) = preSolution
		HideSolutionNode = FALSE
	EndGlobalSection
	GlobalSection(ExtensibilityGlobals) = postSolution
		SolutionGuid = {344A9511-B517-4F3C-9D20-CF82327B7DD8}
	EndGlobalSection
EndGlobal
